// !$*UTF8*$!
{
	archiveVersion = 1;
	classes = {
	};
	objectVersion = 56;
	objects = {

/* Begin PBXBuildFile section */
		1943BC202C1908AA00E75C27 /* AppDelegate.swift in Sources */ = {isa = PBXBuildFile; fileRef = 1943BC1F2C1908AA00E75C27 /* AppDelegate.swift */; };
		1943BC222C1908AA00E75C27 /* SceneDelegate.swift in Sources */ = {isa = PBXBuildFile; fileRef = 1943BC212C1908AA00E75C27 /* SceneDelegate.swift */; };
		1943BC242C1908AA00E75C27 /* ViewController.swift in Sources */ = {isa = PBXBuildFile; fileRef = 1943BC232C1908AA00E75C27 /* ViewController.swift */; };
		1943BC272C1908AA00E75C27 /* Base in Resources */ = {isa = PBXBuildFile; fileRef = 1943BC262C1908AA00E75C27 /* Base */; };
		1943BC292C1908AB00E75C27 /* Assets.xcassets in Resources */ = {isa = PBXBuildFile; fileRef = 1943BC282C1908AB00E75C27 /* Assets.xcassets */; };
		1943BC2C2C1908AB00E75C27 /* Base in Resources */ = {isa = PBXBuildFile; fileRef = 1943BC2B2C1908AB00E75C27 /* Base */; };
		1943BC372C1908AB00E75C27 /* CardWorkoutTests.swift in Sources */ = {isa = PBXBuildFile; fileRef = 1943BC362C1908AB00E75C27 /* CardWorkoutTests.swift */; };
		1943BC412C1908AB00E75C27 /* CardWorkoutUITests.swift in Sources */ = {isa = PBXBuildFile; fileRef = 1943BC402C1908AB00E75C27 /* CardWorkoutUITests.swift */; };
		1943BC432C1908AB00E75C27 /* CardWorkoutUITestsLaunchTests.swift in Sources */ = {isa = PBXBuildFile; fileRef = 1943BC422C1908AB00E75C27 /* CardWorkoutUITestsLaunchTests.swift */; };
/* End PBXBuildFile section */

/* Begin PBXContainerItemProxy section */
		1943BC332C1908AB00E75C27 /* PBXContainerItemProxy */ = {
			isa = PBXContainerItemProxy;
			containerPortal = 1943BC142C1908AA00E75C27 /* Project object */;
			proxyType = 1;
			remoteGlobalIDString = 1943BC1B2C1908AA00E75C27;
			remoteInfo = CardWorkout;
		};
		1943BC3D2C1908AB00E75C27 /* PBXContainerItemProxy */ = {
			isa = PBXContainerItemProxy;
			containerPortal = 1943BC142C1908AA00E75C27 /* Project object */;
			proxyType = 1;
			remoteGlobalIDString = 1943BC1B2C1908AA00E75C27;
			remoteInfo = CardWorkout;
		};
/* End PBXContainerItemProxy section */

/* Begin PBXFileReference section */
		1943BC1C2C1908AA00E75C27 /* CardWorkout.app */ = {isa = PBXFileReference; explicitFileType = wrapper.application; includeInIndex = 0; path = CardWorkout.app; sourceTree = BUILT_PRODUCTS_DIR; };
		1943BC1F2C1908AA00E75C27 /* AppDelegate.swift */ = {isa = PBXFileReference; lastKnownFileType = sourcecode.swift; path = AppDelegate.swift; sourceTree = "<group>"; };
		1943BC212C1908AA00E75C27 /* SceneDelegate.swift */ = {isa = PBXFileReference; lastKnownFileType = sourcecode.swift; path = SceneDelegate.swift; sourceTree = "<group>"; };
		1943BC232C1908AA00E75C27 /* ViewController.swift */ = {isa = PBXFileReference; lastKnownFileType = sourcecode.swift; path = ViewController.swift; sourceTree = "<group>"; };
		1943BC262C1908AA00E75C27 /* Base */ = {isa = PBXFileReference; lastKnownFileType = file.storyboard; name = Base; path = Base.lproj/Main.storyboard; sourceTree = "<group>"; };
		1943BC282C1908AB00E75C27 /* Assets.xcassets */ = {isa = PBXFileReference; lastKnownFileType = folder.assetcatalog; path = Assets.xcassets; sourceTree = "<group>"; };
		1943BC2B2C1908AB00E75C27 /* Base */ = {isa = PBXFileReference; lastKnownFileType = file.storyboard; name = Base; path = Base.lproj/LaunchScreen.storyboard; sourceTree = "<group>"; };
		1943BC2D2C1908AB00E75C27 /* Info.plist */ = {isa = PBXFileReference; lastKnownFileType = text.plist.xml; path = Info.plist; sourceTree = "<group>"; };
		1943BC322C1908AB00E75C27 /* CardWorkoutTests.xctest */ = {isa = PBXFileReference; explicitFileType = wrapper.cfbundle; includeInIndex = 0; path = CardWorkoutTests.xctest; sourceTree = BUILT_PRODUCTS_DIR; };
		1943BC362C1908AB00E75C27 /* CardWorkoutTests.swift */ = {isa = PBXFileReference; lastKnownFileType = sourcecode.swift; path = CardWorkoutTests.swift; sourceTree = "<group>"; };
		1943BC3C2C1908AB00E75C27 /* CardWorkoutUITests.xctest */ = {isa = PBXFileReference; explicitFileType = wrapper.cfbundle; includeInIndex = 0; path = CardWorkoutUITests.xctest; sourceTree = BUILT_PRODUCTS_DIR; };
		1943BC402C1908AB00E75C27 /* CardWorkoutUITests.swift */ = {isa = PBXFileReference; lastKnownFileType = sourcecode.swift; path = CardWorkoutUITests.swift; sourceTree = "<group>"; };
		1943BC422C1908AB00E75C27 /* CardWorkoutUITestsLaunchTests.swift */ = {isa = PBXFileReference; lastKnownFileType = sourcecode.swift; path = CardWorkoutUITestsLaunchTests.swift; sourceTree = "<group>"; };
/* End PBXFileReference section */

/* Begin PBXFrameworksBuildPhase section */
		1943BC192C1908AA00E75C27 /* Frameworks */ = {
			isa = PBXFrameworksBuildPhase;
			buildActionMask = 2147483647;
			files = (
			);
			runOnlyForDeploymentPostprocessing = 0;
		};
		1943BC2F2C1908AB00E75C27 /* Frameworks */ = {
			isa = PBXFrameworksBuildPhase;
			buildActionMask = 2147483647;
			files = (
			);
			runOnlyForDeploymentPostprocessing = 0;
		};
		1943BC392C1908AB00E75C27 /* Frameworks */ = {
			isa = PBXFrameworksBuildPhase;
			buildActionMask = 2147483647;
			files = (
			);
			runOnlyForDeploymentPostprocessing = 0;
		};
/* End PBXFrameworksBuildPhase section */

/* Begin PBXGroup section */
		1943BC132C1908AA00E75C27 = {
			isa = PBXGroup;
			children = (
				1943BC1E2C1908AA00E75C27 /* CardWorkout */,
				1943BC352C1908AB00E75C27 /* CardWorkoutTests */,
				1943BC3F2C1908AB00E75C27 /* CardWorkoutUITests */,
				1943BC1D2C1908AA00E75C27 /* Products */,
			);
			sourceTree = "<group>";
		};
		1943BC1D2C1908AA00E75C27 /* Products */ = {
			isa = PBXGroup;
			children = (
				1943BC1C2C1908AA00E75C27 /* CardWorkout.app */,
				1943BC322C1908AB00E75C27 /* CardWorkoutTests.xctest */,
				1943BC3C2C1908AB00E75C27 /* CardWorkoutUITests.xctest */,
			);
			name = Products;
			sourceTree = "<group>";
		};
		1943BC1E2C1908AA00E75C27 /* CardWorkout */ = {
			isa = PBXGroup;
			children = (
				1943BC1F2C1908AA00E75C27 /* AppDelegate.swift */,
				1943BC212C1908AA00E75C27 /* SceneDelegate.swift */,
				1943BC232C1908AA00E75C27 /* ViewController.swift */,
				1943BC252C1908AA00E75C27 /* Main.storyboard */,
				1943BC282C1908AB00E75C27 /* Assets.xcassets */,
				1943BC2A2C1908AB00E75C27 /* LaunchScreen.storyboard */,
				1943BC2D2C1908AB00E75C27 /* Info.plist */,
			);
			path = CardWorkout;
			sourceTree = "<group>";
		};
		1943BC352C1908AB00E75C27 /* CardWorkoutTests */ = {
			isa = PBXGroup;
			children = (
				1943BC362C1908AB00E75C27 /* CardWorkoutTests.swift */,
			);
			path = CardWorkoutTests;
			sourceTree = "<group>";
		};
		1943BC3F2C1908AB00E75C27 /* CardWorkoutUITests */ = {
			isa = PBXGroup;
			children = (
				1943BC402C1908AB00E75C27 /* CardWorkoutUITests.swift */,
				1943BC422C1908AB00E75C27 /* CardWorkoutUITestsLaunchTests.swift */,
			);
			path = CardWorkoutUITests;
			sourceTree = "<group>";
		};
/* End PBXGroup section */

/* Begin PBXNativeTarget section */
		1943BC1B2C1908AA00E75C27 /* CardWorkout */ = {
			isa = PBXNativeTarget;
			buildConfigurationList = 1943BC462C1908AB00E75C27 /* Build configuration list for PBXNativeTarget "CardWorkout" */;
			buildPhases = (
				1943BC182C1908AA00E75C27 /* Sources */,
				1943BC192C1908AA00E75C27 /* Frameworks */,
				1943BC1A2C1908AA00E75C27 /* Resources */,
			);
			buildRules = (
			);
			dependencies = (
			);
			name = CardWorkout;
			productName = CardWorkout;
			productReference = 1943BC1C2C1908AA00E75C27 /* CardWorkout.app */;
			productType = "com.apple.product-type.application";
		};
		1943BC312C1908AB00E75C27 /* CardWorkoutTests */ = {
			isa = PBXNativeTarget;
			buildConfigurationList = 1943BC492C1908AB00E75C27 /* Build configuration list for PBXNativeTarget "CardWorkoutTests" */;
			buildPhases = (
				1943BC2E2C1908AB00E75C27 /* Sources */,
				1943BC2F2C1908AB00E75C27 /* Frameworks */,
				1943BC302C1908AB00E75C27 /* Resources */,
			);
			buildRules = (
			);
			dependencies = (
				1943BC342C1908AB00E75C27 /* PBXTargetDependency */,
			);
			name = CardWorkoutTests;
			productName = CardWorkoutTests;
			productReference = 1943BC322C1908AB00E75C27 /* CardWorkoutTests.xctest */;
			productType = "com.apple.product-type.bundle.unit-test";
		};
		1943BC3B2C1908AB00E75C27 /* CardWorkoutUITests */ = {
			isa = PBXNativeTarget;
			buildConfigurationList = 1943BC4C2C1908AB00E75C27 /* Build configuration list for PBXNativeTarget "CardWorkoutUITests" */;
			buildPhases = (
				1943BC382C1908AB00E75C27 /* Sources */,
				1943BC392C1908AB00E75C27 /* Frameworks */,
				1943BC3A2C1908AB00E75C27 /* Resources */,
			);
			buildRules = (
			);
			dependencies = (
				1943BC3E2C1908AB00E75C27 /* PBXTargetDependency */,
			);
			name = CardWorkoutUITests;
			productName = CardWorkoutUITests;
			productReference = 1943BC3C2C1908AB00E75C27 /* CardWorkoutUITests.xctest */;
			productType = "com.apple.product-type.bundle.ui-testing";
		};
/* End PBXNativeTarget section */

/* Begin PBXProject section */
		1943BC142C1908AA00E75C27 /* Project object */ = {
			isa = PBXProject;
			attributes = {
				BuildIndependentTargetsInParallel = 1;
				LastSwiftUpdateCheck = 1540;
				LastUpgradeCheck = 1540;
				TargetAttributes = {
					1943BC1B2C1908AA00E75C27 = {
						CreatedOnToolsVersion = 15.4;
					};
					1943BC312C1908AB00E75C27 = {
						CreatedOnToolsVersion = 15.4;
						TestTargetID = 1943BC1B2C1908AA00E75C27;
					};
					1943BC3B2C1908AB00E75C27 = {
						CreatedOnToolsVersion = 15.4;
						TestTargetID = 1943BC1B2C1908AA00E75C27;
					};
				};
			};
			buildConfigurationList = 1943BC172C1908AA00E75C27 /* Build configuration list for PBXProject "CardWorkout" */;
			compatibilityVersion = "Xcode 14.0";
			developmentRegion = en;
			hasScannedForEncodings = 0;
			knownRegions = (
				en,
				Base,
			);
			mainGroup = 1943BC132C1908AA00E75C27;
			productRefGroup = 1943BC1D2C1908AA00E75C27 /* Products */;
			projectDirPath = "";
			projectRoot = "";
			targets = (
				1943BC1B2C1908AA00E75C27 /* CardWorkout */,
				1943BC312C1908AB00E75C27 /* CardWorkoutTests */,
				1943BC3B2C1908AB00E75C27 /* CardWorkoutUITests */,
			);
		};
/* End PBXProject section */

/* Begin PBXResourcesBuildPhase section */
		1943BC1A2C1908AA00E75C27 /* Resources */ = {
			isa = PBXResourcesBuildPhase;
			buildActionMask = 2147483647;
			files = (
				1943BC292C1908AB00E75C27 /* Assets.xcassets in Resources */,
				1943BC2C2C1908AB00E75C27 /* Base in Resources */,
				1943BC272C1908AA00E75C27 /* Base in Resources */,
			);
			runOnlyForDeploymentPostprocessing = 0;
		};
		1943BC302C1908AB00E75C27 /* Resources */ = {
			isa = PBXResourcesBuildPhase;
			buildActionMask = 2147483647;
			files = (
			);
			runOnlyForDeploymentPostprocessing = 0;
		};
		1943BC3A2C1908AB00E75C27 /* Resources */ = {
			isa = PBXResourcesBuildPhase;
			buildActionMask = 2147483647;
			files = (
			);
			runOnlyForDeploymentPostprocessing = 0;
		};
/* End PBXResourcesBuildPhase section */

/* Begin PBXSourcesBuildPhase section */
		1943BC182C1908AA00E75C27 /* Sources */ = {
			isa = PBXSourcesBuildPhase;
			buildActionMask = 2147483647;
			files = (
				1943BC242C1908AA00E75C27 /* ViewController.swift in Sources */,
				1943BC202C1908AA00E75C27 /* AppDelegate.swift in Sources */,
				1943BC222C1908AA00E75C27 /* SceneDelegate.swift in Sources */,
			);
			runOnlyForDeploymentPostprocessing = 0;
		};
		1943BC2E2C1908AB00E75C27 /* Sources */ = {
			isa = PBXSourcesBuildPhase;
			buildActionMask = 2147483647;
			files = (
				1943BC372C1908AB00E75C27 /* CardWorkoutTests.swift in Sources */,
			);
			runOnlyForDeploymentPostprocessing = 0;
		};
		1943BC382C1908AB00E75C27 /* Sources */ = {
			isa = PBXSourcesBuildPhase;
			buildActionMask = 2147483647;
			files = (
				1943BC432C1908AB00E75C27 /* CardWorkoutUITestsLaunchTests.swift in Sources */,
				1943BC412C1908AB00E75C27 /* CardWorkoutUITests.swift in Sources */,
			);
			runOnlyForDeploymentPostprocessing = 0;
		};
/* End PBXSourcesBuildPhase section */

/* Begin PBXTargetDependency section */
		1943BC342C1908AB00E75C27 /* PBXTargetDependency */ = {
			isa = PBXTargetDependency;
			target = 1943BC1B2C1908AA00E75C27 /* CardWorkout */;
			targetProxy = 1943BC332C1908AB00E75C27 /* PBXContainerItemProxy */;
		};
		1943BC3E2C1908AB00E75C27 /* PBXTargetDependency */ = {
			isa = PBXTargetDependency;
			target = 1943BC1B2C1908AA00E75C27 /* CardWorkout */;
			targetProxy = 1943BC3D2C1908AB00E75C27 /* PBXContainerItemProxy */;
		};
/* End PBXTargetDependency section */

/* Begin PBXVariantGroup section */
		1943BC252C1908AA00E75C27 /* Main.storyboard */ = {
			isa = PBXVariantGroup;
			children = (
				1943BC262C1908AA00E75C27 /* Base */,
			);
			name = Main.storyboard;
			sourceTree = "<group>";
		};
		1943BC2A2C1908AB00E75C27 /* LaunchScreen.storyboard */ = {
			isa = PBXVariantGroup;
			children = (
				1943BC2B2C1908AB00E75C27 /* Base */,
			);
			name = LaunchScreen.storyboard;
			sourceTree = "<group>";
		};
/* End PBXVariantGroup section */

/* Begin XCBuildConfiguration section */
		1943BC442C1908AB00E75C27 /* Debug */ = {
			isa = XCBuildConfiguration;
			buildSettings = {
				ALWAYS_SEARCH_USER_PATHS = NO;
				ASSETCATALOG_COMPILER_GENERATE_SWIFT_ASSET_SYMBOL_EXTENSIONS = YES;
				CLANG_ANALYZER_NONNULL = YES;
				CLANG_ANALYZER_NUMBER_OBJECT_CONVERSION = YES_AGGRESSIVE;
				CLANG_CXX_LANGUAGE_STANDARD = "gnu++20";
				CLANG_ENABLE_MODULES = YES;
				CLANG_ENABLE_OBJC_ARC = YES;
				CLANG_ENABLE_OBJC_WEAK = YES;
				CLANG_WARN_BLOCK_CAPTURE_AUTORELEASING = YES;
				CLANG_WARN_BOOL_CONVERSION = YES;
				CLANG_WARN_COMMA = YES;
				CLANG_WARN_CONSTANT_CONVERSION = YES;
				CLANG_WARN_DEPRECATED_OBJC_IMPLEMENTATIONS = YES;
				CLANG_WARN_DIRECT_OBJC_ISA_USAGE = YES_ERROR;
				CLANG_WARN_DOCUMENTATION_COMMENTS = YES;
				CLANG_WARN_EMPTY_BODY = YES;
				CLANG_WARN_ENUM_CONVERSION = YES;
				CLANG_WARN_INFINITE_RECURSION = YES;
				CLANG_WARN_INT_CONVERSION = YES;
				CLANG_WARN_NON_LITERAL_NULL_CONVERSION = YES;
				CLANG_WARN_OBJC_IMPLICIT_RETAIN_SELF = YES;
				CLANG_WARN_OBJC_LITERAL_CONVERSION = YES;
				CLANG_WARN_OBJC_ROOT_CLASS = YES_ERROR;
				CLANG_WARN_QUOTED_INCLUDE_IN_FRAMEWORK_HEADER = YES;
				CLANG_WARN_RANGE_LOOP_ANALYSIS = YES;
				CLANG_WARN_STRICT_PROTOTYPES = YES;
				CLANG_WARN_SUSPICIOUS_MOVE = YES;
				CLANG_WARN_UNGUARDED_AVAILABILITY = YES_AGGRESSIVE;
				CLANG_WARN_UNREACHABLE_CODE = YES;
				CLANG_WARN__DUPLICATE_METHOD_MATCH = YES;
				COPY_PHASE_STRIP = NO;
				DEBUG_INFORMATION_FORMAT = dwarf;
				ENABLE_STRICT_OBJC_MSGSEND = YES;
				ENABLE_TESTABILITY = YES;
				ENABLE_USER_SCRIPT_SANDBOXING = YES;
				GCC_C_LANGUAGE_STANDARD = gnu17;
				GCC_DYNAMIC_NO_PIC = NO;
				GCC_NO_COMMON_BLOCKS = YES;
				GCC_OPTIMIZATION_LEVEL = 0;
				GCC_PREPROCESSOR_DEFINITIONS = (
					"DEBUG=1",
					"$(inherited)",
				);
				GCC_WARN_64_TO_32_BIT_CONVERSION = YES;
				GCC_WARN_ABOUT_RETURN_TYPE = YES_ERROR;
				GCC_WARN_UNDECLARED_SELECTOR = YES;
				GCC_WARN_UNINITIALIZED_AUTOS = YES_AGGRESSIVE;
				GCC_WARN_UNUSED_FUNCTION = YES;
				GCC_WARN_UNUSED_VARIABLE = YES;
				IPHONEOS_DEPLOYMENT_TARGET = 17.5;
				LOCALIZATION_PREFERS_STRING_CATALOGS = YES;
				MTL_ENABLE_DEBUG_INFO = INCLUDE_SOURCE;
				MTL_FAST_MATH = YES;
				ONLY_ACTIVE_ARCH = YES;
				SDKROOT = iphoneos;
				SWIFT_ACTIVE_COMPILATION_CONDITIONS = "DEBUG $(inherited)";
				SWIFT_OPTIMIZATION_LEVEL = "-Onone";
			};
			name = Debug;
		};
		1943BC452C1908AB00E75C27 /* Release */ = {
			isa = XCBuildConfiguration;
			buildSettings = {
				ALWAYS_SEARCH_USER_PATHS = NO;
				ASSETCATALOG_COMPILER_GENERATE_SWIFT_ASSET_SYMBOL_EXTENSIONS = YES;
				CLANG_ANALYZER_NONNULL = YES;
				CLANG_ANALYZER_NUMBER_OBJECT_CONVERSION = YES_AGGRESSIVE;
				CLANG_CXX_LANGUAGE_STANDARD = "gnu++20";
				CLANG_ENABLE_MODULES = YES;
				CLANG_ENABLE_OBJC_ARC = YES;
				CLANG_ENABLE_OBJC_WEAK = YES;
				CLANG_WARN_BLOCK_CAPTURE_AUTORELEASING = YES;
				CLANG_WARN_BOOL_CONVERSION = YES;
				CLANG_WARN_COMMA = YES;
				CLANG_WARN_CONSTANT_CONVERSION = YES;
				CLANG_WARN_DEPRECATED_OBJC_IMPLEMENTATIONS = YES;
				CLANG_WARN_DIRECT_OBJC_ISA_USAGE = YES_ERROR;
				CLANG_WARN_DOCUMENTATION_COMMENTS = YES;
				CLANG_WARN_EMPTY_BODY = YES;
				CLANG_WARN_ENUM_CONVERSION = YES;
				CLANG_WARN_INFINITE_RECURSION = YES;
				CLANG_WARN_INT_CONVERSION = YES;
				CLANG_WARN_NON_LITERAL_NULL_CONVERSION = YES;
				CLANG_WARN_OBJC_IMPLICIT_RETAIN_SELF = YES;
				CLANG_WARN_OBJC_LITERAL_CONVERSION = YES;
				CLANG_WARN_OBJC_ROOT_CLASS = YES_ERROR;
				CLANG_WARN_QUOTED_INCLUDE_IN_FRAMEWORK_HEADER = YES;
				CLANG_WARN_RANGE_LOOP_ANALYSIS = YES;
				CLANG_WARN_STRICT_PROTOTYPES = YES;
				CLANG_WARN_SUSPICIOUS_MOVE = YES;
				CLANG_WARN_UNGUARDED_AVAILABILITY = YES_AGGRESSIVE;
				CLANG_WARN_UNREACHABLE_CODE = YES;
				CLANG_WARN__DUPLICATE_METHOD_MATCH = YES;
				COPY_PHASE_STRIP = NO;
				DEBUG_INFORMATION_FORMAT = "dwarf-with-dsym";
				ENABLE_NS_ASSERTIONS = NO;
				ENABLE_STRICT_OBJC_MSGSEND = YES;
				ENABLE_USER_SCRIPT_SANDBOXING = YES;
				GCC_C_LANGUAGE_STANDARD = gnu17;
				GCC_NO_COMMON_BLOCKS = YES;
				GCC_WARN_64_TO_32_BIT_CONVERSION = YES;
				GCC_WARN_ABOUT_RETURN_TYPE = YES_ERROR;
				GCC_WARN_UNDECLARED_SELECTOR = YES;
				GCC_WARN_UNINITIALIZED_AUTOS = YES_AGGRESSIVE;
				GCC_WARN_UNUSED_FUNCTION = YES;
				GCC_WARN_UNUSED_VARIABLE = YES;
				IPHONEOS_DEPLOYMENT_TARGET = 17.5;
				LOCALIZATION_PREFERS_STRING_CATALOGS = YES;
				MTL_ENABLE_DEBUG_INFO = NO;
				MTL_FAST_MATH = YES;
				SDKROOT = iphoneos;
				SWIFT_COMPILATION_MODE = wholemodule;
				VALIDATE_PRODUCT = YES;
			};
			name = Release;
		};
		1943BC472C1908AB00E75C27 /* Debug */ = {
			isa = XCBuildConfiguration;
			buildSettings = {
				ASSETCATALOG_COMPILER_APPICON_NAME = AppIcon;
				ASSETCATALOG_COMPILER_GLOBAL_ACCENT_COLOR_NAME = AccentColor;
				CODE_SIGN_STYLE = Automatic;
				CURRENT_PROJECT_VERSION = 1;
				DEVELOPMENT_TEAM = 7GJ3XYDPA9;
				GENERATE_INFOPLIST_FILE = YES;
				INFOPLIST_FILE = CardWorkout/Info.plist;
				INFOPLIST_KEY_UIApplicationSupportsIndirectInputEvents = YES;
				INFOPLIST_KEY_UILaunchStoryboardName = LaunchScreen;
				INFOPLIST_KEY_UIMainStoryboardFile = Main;
				INFOPLIST_KEY_UISupportedInterfaceOrientations_iPad = "UIInterfaceOrientationPortrait UIInterfaceOrientationPortraitUpsideDown UIInterfaceOrientationLandscapeLeft UIInterfaceOrientationLandscapeRight";
				INFOPLIST_KEY_UISupportedInterfaceOrientations_iPhone = "UIInterfaceOrientationPortrait UIInterfaceOrientationLandscapeLeft UIInterfaceOrientationLandscapeRight";
				LD_RUNPATH_SEARCH_PATHS = (
					"$(inherited)",
					"@executable_path/Frameworks",
				);
				MARKETING_VERSION = 1.0;
				PRODUCT_BUNDLE_IDENTIFIER = TruongQuangDung.CardWorkout;
				PRODUCT_NAME = "$(TARGET_NAME)";
				SWIFT_EMIT_LOC_STRINGS = YES;
				SWIFT_VERSION = 5.0;
				TARGETED_DEVICE_FAMILY = "1,2";
			};
			name = Debug;
		};
		1943BC482C1908AB00E75C27 /* Release */ = {
			isa = XCBuildConfiguration;
			buildSettings = {
				ASSETCATALOG_COMPILER_APPICON_NAME = AppIcon;
				ASSETCATALOG_COMPILER_GLOBAL_ACCENT_COLOR_NAME = AccentColor;
				CODE_SIGN_STYLE = Automatic;
				CURRENT_PROJECT_VERSION = 1;
				DEVELOPMENT_TEAM = 7GJ3XYDPA9;
				GENERATE_INFOPLIST_FILE = YES;
				INFOPLIST_FILE = CardWorkout/Info.plist;
				INFOPLIST_KEY_UIApplicationSupportsIndirectInputEvents = YES;
				INFOPLIST_KEY_UILaunchStoryboardName = LaunchScreen;
				INFOPLIST_KEY_UIMainStoryboardFile = Main;
				INFOPLIST_KEY_UISupportedInterfaceOrientations_iPad = "UIInterfaceOrientationPortrait UIInterfaceOrientationPortraitUpsideDown UIInterfaceOrientationLandscapeLeft UIInterfaceOrientationLandscapeRight";
				INFOPLIST_KEY_UISupportedInterfaceOrientations_iPhone = "UIInterfaceOrientationPortrait UIInterfaceOrientationLandscapeLeft UIInterfaceOrientationLandscapeRight";
				LD_RUNPATH_SEARCH_PATHS = (
					"$(inherited)",
					"@executable_path/Frameworks",
				);
				MARKETING_VERSION = 1.0;
				PRODUCT_BUNDLE_IDENTIFIER = TruongQuangDung.CardWorkout;
				PRODUCT_NAME = "$(TARGET_NAME)";
				SWIFT_EMIT_LOC_STRINGS = YES;
				SWIFT_VERSION = 5.0;
				TARGETED_DEVICE_FAMILY = "1,2";
			};
			name = Release;
		};
		1943BC4A2C1908AB00E75C27 /* Debug */ = {
			isa = XCBuildConfiguration;
			buildSettings = {
				ALWAYS_EMBED_SWIFT_STANDARD_LIBRARIES = YES;
				BUNDLE_LOADER = "$(TEST_HOST)";
				CODE_SIGN_STYLE = Automatic;
				CURRENT_PROJECT_VERSION = 1;
				DEVELOPMENT_TEAM = 7GJ3XYDPA9;
				GENERATE_INFOPLIST_FILE = YES;
				IPHONEOS_DEPLOYMENT_TARGET = 17.5;
				MARKETING_VERSION = 1.0;
				PRODUCT_BUNDLE_IDENTIFIER = TruongQuangDung.CardWorkoutTests;
				PRODUCT_NAME = "$(TARGET_NAME)";
				SWIFT_EMIT_LOC_STRINGS = NO;
				SWIFT_VERSION = 5.0;
				TARGETED_DEVICE_FAMILY = "1,2";
				TEST_HOST = "$(BUILT_PRODUCTS_DIR)/CardWorkout.app/$(BUNDLE_EXECUTABLE_FOLDER_PATH)/CardWorkout";
			};
			name = Debug;
		};
		1943BC4B2C1908AB00E75C27 /* Release */ = {
			isa = XCBuildConfiguration;
			buildSettings = {
				ALWAYS_EMBED_SWIFT_STANDARD_LIBRARIES = YES;
				BUNDLE_LOADER = "$(TEST_HOST)";
				CODE_SIGN_STYLE = Automatic;
				CURRENT_PROJECT_VERSION = 1;
				DEVELOPMENT_TEAM = 7GJ3XYDPA9;
				GENERATE_INFOPLIST_FILE = YES;
				IPHONEOS_DEPLOYMENT_TARGET = 17.5;
				MARKETING_VERSION = 1.0;
				PRODUCT_BUNDLE_IDENTIFIER = TruongQuangDung.CardWorkoutTests;
				PRODUCT_NAME = "$(TARGET_NAME)";
				SWIFT_EMIT_LOC_STRINGS = NO;
				SWIFT_VERSION = 5.0;
				TARGETED_DEVICE_FAMILY = "1,2";
				TEST_HOST = "$(BUILT_PRODUCTS_DIR)/CardWorkout.app/$(BUNDLE_EXECUTABLE_FOLDER_PATH)/CardWorkout";
			};
			name = Release;
		};
		1943BC4D2C1908AB00E75C27 /* Debug */ = {
			isa = XCBuildConfiguration;
			buildSettings = {
				ALWAYS_EMBED_SWIFT_STANDARD_LIBRARIES = YES;
				CODE_SIGN_STYLE = Automatic;
				CURRENT_PROJECT_VERSION = 1;
				DEVELOPMENT_TEAM = 7GJ3XYDPA9;
				GENERATE_INFOPLIST_FILE = YES;
				MARKETING_VERSION = 1.0;
				PRODUCT_BUNDLE_IDENTIFIER = TruongQuangDung.CardWorkoutUITests;
				PRODUCT_NAME = "$(TARGET_NAME)";
				SWIFT_EMIT_LOC_STRINGS = NO;
				SWIFT_VERSION = 5.0;
				TARGETED_DEVICE_FAMILY = "1,2";
				TEST_TARGET_NAME = CardWorkout;
			};
			name = Debug;
		};
		1943BC4E2C1908AB00E75C27 /* Release */ = {
			isa = XCBuildConfiguration;
			buildSettings = {
				ALWAYS_EMBED_SWIFT_STANDARD_LIBRARIES = YES;
				CODE_SIGN_STYLE = Automatic;
				CURRENT_PROJECT_VERSION = 1;
				DEVELOPMENT_TEAM = 7GJ3XYDPA9;
				GENERATE_INFOPLIST_FILE = YES;
				MARKETING_VERSION = 1.0;
				PRODUCT_BUNDLE_IDENTIFIER = TruongQuangDung.CardWorkoutUITests;
				PRODUCT_NAME = "$(TARGET_NAME)";
				SWIFT_EMIT_LOC_STRINGS = NO;
				SWIFT_VERSION = 5.0;
				TARGETED_DEVICE_FAMILY = "1,2";
				TEST_TARGET_NAME = CardWorkout;
			};
			name = Release;
		};
/* End XCBuildConfiguration section */

/* Begin XCConfigurationList section */
		1943BC172C1908AA00E75C27 /* Build configuration list for PBXProject "CardWorkout" */ = {
			isa = XCConfigurationList;
			buildConfigurations = (
				1943BC442C1908AB00E75C27 /* Debug */,
				1943BC452C1908AB00E75C27 /* Release */,
			);
			defaultConfigurationIsVisible = 0;
			defaultConfigurationName = Release;
		};
		1943BC462C1908AB00E75C27 /* Build configuration list for PBXNativeTarget "CardWorkout" */ = {
			isa = XCConfigurationList;
			buildConfigurations = (
				1943BC472C1908AB00E75C27 /* Debug */,
				1943BC482C1908AB00E75C27 /* Release */,
			);
			defaultConfigurationIsVisible = 0;
			defaultConfigurationName = Release;
		};
		1943BC492C1908AB00E75C27 /* Build configuration list for PBXNativeTarget "CardWorkoutTests" */ = {
			isa = XCConfigurationList;
			buildConfigurations = (
				1943BC4A2C1908AB00E75C27 /* Debug */,
				1943BC4B2C1908AB00E75C27 /* Release */,
			);
			defaultConfigurationIsVisible = 0;
			defaultConfigurationName = Release;
		};
		1943BC4C2C1908AB00E75C27 /* Build configuration list for PBXNativeTarget "CardWorkoutUITests" */ = {
			isa = XCConfigurationList;
			buildConfigurations = (
				1943BC4D2C1908AB00E75C27 /* Debug */,
				1943BC4E2C1908AB00E75C27 /* Release */,
			);
			defaultConfigurationIsVisible = 0;
			defaultConfigurationName = Release;
		};
/* End XCConfigurationList section */
	};
	rootObject = 1943BC142C1908AA00E75C27 /* Project object */;
}
